{
    "_readme": [
        "This file locks the dependencies of your project to a known state",
        "Read more about it at https://getcomposer.org/doc/01-basic-usage.md#installing-dependencies",
        "This file is @generated automatically"
    ],
    "content-hash": "523367710afddabaf2a9a9af96b32c81",
    "packages": [
        {
            "name": "indodana/indodana-paylater-ecommerce-common",
            "version": "dev-finalize_common",
            "dist": {
                "type": "path",
                "url": "../packages/common",
                "reference": "c264dd5c8f17682cb4092023b862da8773b2e534"
            },
            "require": {
                "indodana/indodana-paylater-sdk": "1.0.0-RC1"
            },
            "type": "library",
            "autoload": {
                "psr-4": {
                    "IndodanaCommon\\": "src/"
                }
            },
            "transport-options": {
                "symlink": true
            }
        },
        {
            "name": "indodana/indodana-paylater-sdk",
            "version": "1.0.0-RC1",
            "source": {
                "type": "git",
                "url": "https://github.com/indodana/indodana-paylater-sdk-php.git",
                "reference": "b38d612fe3c91c27ff36ae04ecf3a1bfb2d3ae53"
            },
            "dist": {
                "type": "zip",
                "url": "https://api.github.com/repos/indodana/indodana-paylater-sdk-php/zipball/b38d612fe3c91c27ff36ae04ecf3a1bfb2d3ae53",
                "reference": "b38d612fe3c91c27ff36ae04ecf3a1bfb2d3ae53",
                "shasum": ""
            },
            "require": {
                "php": "^5.6|^7.0",
                "respect/validation": "^1.1"
            },
            "type": "library",
            "autoload": {
                "psr-4": {
                    "Indodana\\": "src/"
                }
            },
            "notification-url": "https://packagist.org/downloads/",
            "authors": [
                {
                    "name": "Indodana",
                    "email": "dev@indodana.com"
                },
                {
                    "name": "Steven Yang",
                    "email": "syang@indodana.com"
                }
            ],
            "description": "Indodana Paylater SDK for PHP that provides merchant integration functionalities",
            "time": "2020-03-10T08:05:30+00:00"
        },
        {
            "name": "respect/validation",
            "version": "1.1.31",
            "source": {
                "type": "git",
                "url": "https://github.com/Respect/Validation.git",
                "reference": "45d109fc830644fecc1145200d6351ce4f2769d0"
            },
            "dist": {
                "type": "zip",
                "url": "https://api.github.com/repos/Respect/Validation/zipball/45d109fc830644fecc1145200d6351ce4f2769d0",
                "reference": "45d109fc830644fecc1145200d6351ce4f2769d0",
                "shasum": ""
            },
            "require": {
                "php": ">=5.4",
                "symfony/polyfill-mbstring": "^1.2"
            },
            "require-dev": {
                "egulias/email-validator": "~1.2 || ~2.1",
                "mikey179/vfsstream": "^1.5",
                "phpunit/phpunit": "~4.0 || ~5.0",
                "symfony/validator": "~2.6.9",
                "zendframework/zend-validator": "~2.3"
            },
            "suggest": {
                "egulias/email-validator": "Strict (RFC compliant) email validation",
                "ext-bcmath": "Arbitrary Precision Mathematics",
                "ext-mbstring": "Multibyte String Functions",
                "friendsofphp/php-cs-fixer": "Fix PSR2 and other coding style issues",
                "symfony/validator": "Use Symfony validator through Respect\\Validation",
                "zendframework/zend-validator": "Use Zend Framework validator through Respect\\Validation"
            },
            "type": "library",
            "extra": {
                "branch-alias": {
                    "dev-master": "1.1-dev"
                }
            },
            "autoload": {
                "psr-4": {
                    "Respect\\Validation\\": "library/"
                }
            },
            "notification-url": "https://packagist.org/downloads/",
            "license": [
                "BSD-3-Clause"
            ],
            "authors": [
                {
                    "name": "Respect/Validation Contributors",
                    "homepage": "https://github.com/Respect/Validation/graphs/contributors"
                }
            ],
            "description": "The most awesome validation engine ever created for PHP",
            "homepage": "http://respect.github.io/Validation/",
            "keywords": [
                "respect",
                "validation",
                "validator"
            ],
            "time": "2019-05-28T06:10:06+00:00"
        },
        {
            "name": "sentry/sentry",
            "version": "1.11.0",
            "source": {
                "type": "git",
                "url": "https://github.com/getsentry/sentry-php.git",
                "reference": "159eeaa02bb2ef8a8ec669f3c88e4bff7e6a7ffe"
            },
            "dist": {
                "type": "zip",
                "url": "https://api.github.com/repos/getsentry/sentry-php/zipball/159eeaa02bb2ef8a8ec669f3c88e4bff7e6a7ffe",
                "reference": "159eeaa02bb2ef8a8ec669f3c88e4bff7e6a7ffe",
                "shasum": ""
            },
            "require": {
                "ext-curl": "*",
                "php": "^5.3|^7.0"
            },
            "conflict": {
                "raven/raven": "*"
            },
            "require-dev": {
                "friendsofphp/php-cs-fixer": "^1.8.0",
                "monolog/monolog": "^1.0",
                "phpunit/phpunit": "^4.8.35 || ^5.7"
            },
            "suggest": {
                "ext-hash": "*",
                "ext-json": "*",
                "ext-mbstring": "*",
                "monolog/monolog": "Automatically capture Monolog events as breadcrumbs"
            },
            "bin": [
                "bin/sentry"
            ],
            "type": "library",
            "extra": {
                "branch-alias": {
                    "dev-master": "1.11.x-dev"
                }
            },
            "autoload": {
                "psr-0": {
                    "Raven_": "lib/"
                }
            },
            "notification-url": "https://packagist.org/downloads/",
            "license": [
                "BSD-3-Clause"
            ],
            "authors": [
                {
                    "name": "David Cramer",
                    "email": "dcramer@gmail.com"
                }
            ],
            "description": "A PHP client for Sentry (http://getsentry.com)",
            "homepage": "http://getsentry.com",
            "keywords": [
                "log",
                "logging"
            ],
            "time": "2020-02-12T18:38:11+00:00"
        },
        {
            "name": "symfony/polyfill-mbstring",
            "version": "v1.14.0",
            "source": {
                "type": "git",
                "url": "https://github.com/symfony/polyfill-mbstring.git",
                "reference": "34094cfa9abe1f0f14f48f490772db7a775559f2"
            },
            "dist": {
                "type": "zip",
                "url": "https://api.github.com/repos/symfony/polyfill-mbstring/zipball/34094cfa9abe1f0f14f48f490772db7a775559f2",
                "reference": "34094cfa9abe1f0f14f48f490772db7a775559f2",
                "shasum": ""
            },
            "require": {
                "php": ">=5.3.3"
            },
            "suggest": {
                "ext-mbstring": "For best performance"
            },
            "type": "library",
            "extra": {
                "branch-alias": {
                    "dev-master": "1.14-dev"
                }
            },
            "autoload": {
                "psr-4": {
                    "Symfony\\Polyfill\\Mbstring\\": ""
                },
                "files": [
                    "bootstrap.php"
                ]
            },
            "notification-url": "https://packagist.org/downloads/",
            "license": [
                "MIT"
            ],
            "authors": [
                {
                    "name": "Nicolas Grekas",
                    "email": "p@tchwork.com"
                },
                {
                    "name": "Symfony Community",
                    "homepage": "https://symfony.com/contributors"
                }
            ],
            "description": "Symfony polyfill for the Mbstring extension",
            "homepage": "https://symfony.com",
            "keywords": [
                "compatibility",
                "mbstring",
                "polyfill",
                "portable",
                "shim"
            ],
            "time": "2020-01-13T11:15:53+00:00"
        }
    ],
    "packages-dev": [],
    "aliases": [],
    "minimum-stability": "RC",
    "stability-flags": {
        "indodana/indodana-paylater-ecommerce-common": 20
    },
    "prefer-stable": false,
    "prefer-lowest": false,
    "platform": [],
    "platform-dev": []
}
